// !$*UTF8*$!
{
	archiveVersion = 1;
	classes = {
	};
	objectVersion = 77;
	objects = {

/* Begin PBXBuildFile section */
		8C1541E72EBB38CC001E32EB /* GRDB in Frameworks */ = {isa = PBXBuildFile; productRef = 8C1541E62EBB38CC001E32EB /* GRDB */; };
		8C1541EA2EBB38E8001E32EB /* GRDB in Frameworks */ = {isa = PBXBuildFile; productRef = 8C1541E92EBB38E8001E32EB /* GRDB */; };
		8C1541EC2EBB38F7001E32EB /* GRDB in Frameworks */ = {isa = PBXBuildFile; productRef = 8C1541EB2EBB38F7001E32EB /* GRDB */; };
/* End PBXBuildFile section */

/* Begin PBXContainerItemProxy section */
		8C1541C52EBB3166001E32EB /* PBXContainerItemProxy */ = {
			isa = PBXContainerItemProxy;
			containerPortal = 8C1541AF2EBB3164001E32EB /* Project object */;
			proxyType = 1;
			remoteGlobalIDString = 8C1541B62EBB3164001E32EB;
			remoteInfo = FOIAPhone;
		};
		8C1541CF2EBB3166001E32EB /* PBXContainerItemProxy */ = {
			isa = PBXContainerItemProxy;
			containerPortal = 8C1541AF2EBB3164001E32EB /* Project object */;
			proxyType = 1;
			remoteGlobalIDString = 8C1541B62EBB3164001E32EB;
			remoteInfo = FOIAPhone;
		};
/* End PBXContainerItemProxy section */

/* Begin PBXFileReference section */
		8C1541B72EBB3164001E32EB /* FOIAPhone.app */ = {isa = PBXFileReference; explicitFileType = wrapper.application; includeInIndex = 0; path = FOIAPhone.app; sourceTree = BUILT_PRODUCTS_DIR; };
		8C1541C42EBB3166001E32EB /* FOIAPhoneTests.xctest */ = {isa = PBXFileReference; explicitFileType = wrapper.cfbundle; includeInIndex = 0; path = FOIAPhoneTests.xctest; sourceTree = BUILT_PRODUCTS_DIR; };
		8C1541CE2EBB3166001E32EB /* FOIAPhoneUITests.xctest */ = {isa = PBXFileReference; explicitFileType = wrapper.cfbundle; includeInIndex = 0; path = FOIAPhoneUITests.xctest; sourceTree = BUILT_PRODUCTS_DIR; };
/* End PBXFileReference section */

/* Begin PBXFileSystemSynchronizedBuildFileExceptionSet section */
		8C4F418C2EBF497A00194409 /* Exceptions for "FOIAPhone" folder in "FOIAPhoneTests" target */ = {
			isa = PBXFileSystemSynchronizedBuildFileExceptionSet;
			membershipExceptions = (
				Views/RequestView.swift,
			);
			target = 8C1541C32EBB3166001E32EB /* FOIAPhoneTests */;
		};
		8C4F418D2EBF497A00194409 /* Exceptions for "FOIAPhone" folder in "FOIAPhoneUITests" target */ = {
			isa = PBXFileSystemSynchronizedBuildFileExceptionSet;
			membershipExceptions = (
				Views/RequestView.swift,
			);
			target = 8C1541CD2EBB3166001E32EB /* FOIAPhoneUITests */;
		};
/* End PBXFileSystemSynchronizedBuildFileExceptionSet section */

/* Begin PBXFileSystemSynchronizedRootGroup section */
		8C1541B92EBB3164001E32EB /* FOIAPhone */ = {
			isa = PBXFileSystemSynchronizedRootGroup;
			exceptions = (
				8C4F418C2EBF497A00194409 /* Exceptions for "FOIAPhone" folder in "FOIAPhoneTests" target */,
				8C4F418D2EBF497A00194409 /* Exceptions for "FOIAPhone" folder in "FOIAPhoneUITests" target */,
			);
			path = FOIAPhone;
			sourceTree = "<group>";
		};
		8C1541C72EBB3166001E32EB /* FOIAPhoneTests */ = {
			isa = PBXFileSystemSynchronizedRootGroup;
			path = FOIAPhoneTests;
			sourceTree = "<group>";
		};
		8C1541D12EBB3166001E32EB /* FOIAPhoneUITests */ = {
			isa = PBXFileSystemSynchronizedRootGroup;
			path = FOIAPhoneUITests;
			sourceTree = "<group>";
		};
/* End PBXFileSystemSynchronizedRootGroup section */

/* Begin PBXFrameworksBuildPhase section */
		8C1541B42EBB3164001E32EB /* Frameworks */ = {
			isa = PBXFrameworksBuildPhase;
			buildActionMask = 2147483647;
			files = (
				8C1541E72EBB38CC001E32EB /* GRDB in Frameworks */,
			);
			runOnlyForDeploymentPostprocessing = 0;
		};
		8C1541C12EBB3166001E32EB /* Frameworks */ = {
			isa = PBXFrameworksBuildPhase;
			buildActionMask = 2147483647;
			files = (
				8C1541EA2EBB38E8001E32EB /* GRDB in Frameworks */,
			);
			runOnlyForDeploymentPostprocessing = 0;
		};
		8C1541CB2EBB3166001E32EB /* Frameworks */ = {
			isa = PBXFrameworksBuildPhase;
			buildActionMask = 2147483647;
			files = (
				8C1541EC2EBB38F7001E32EB /* GRDB in Frameworks */,
			);
			runOnlyForDeploymentPostprocessing = 0;
		};
/* End PBXFrameworksBuildPhase section */

/* Begin PBXGroup section */
		8C1541AE2EBB3164001E32EB = {
			isa = PBXGroup;
			children = (
				8C1541B92EBB3164001E32EB /* FOIAPhone */,
				8C1541C72EBB3166001E32EB /* FOIAPhoneTests */,
				8C1541D12EBB3166001E32EB /* FOIAPhoneUITests */,
				8C1541E82EBB38E8001E32EB /* Frameworks */,
				8C1541B82EBB3164001E32EB /* Products */,
			);
			sourceTree = "<group>";
		};
		8C1541B82EBB3164001E32EB /* Products */ = {
			isa = PBXGroup;
			children = (
				8C1541B72EBB3164001E32EB /* FOIAPhone.app */,
				8C1541C42EBB3166001E32EB /* FOIAPhoneTests.xctest */,
				8C1541CE2EBB3166001E32EB /* FOIAPhoneUITests.xctest */,
			);
			name = Products;
			sourceTree = "<group>";
		};
		8C1541E82EBB38E8001E32EB /* Frameworks */ = {
			isa = PBXGroup;
			children = (
			);
			name = Frameworks;
			sourceTree = "<group>";
		};
/* End PBXGroup section */

/* Begin PBXNativeTarget section */
		8C1541B62EBB3164001E32EB /* FOIAPhone */ = {
			isa = PBXNativeTarget;
			buildConfigurationList = 8C1541D82EBB3167001E32EB /* Build configuration list for PBXNativeTarget "FOIAPhone" */;
			buildPhases = (
				8C1541B32EBB3164001E32EB /* Sources */,
				8C1541B42EBB3164001E32EB /* Frameworks */,
				8C1541B52EBB3164001E32EB /* Resources */,
			);
			buildRules = (
			);
			dependencies = (
			);
			fileSystemSynchronizedGroups = (
				8C1541B92EBB3164001E32EB /* FOIAPhone */,
			);
			name = FOIAPhone;
			packageProductDependencies = (
				8C1541E62EBB38CC001E32EB /* GRDB */,
			);
			productName = FOIAPhone;
			productReference = 8C1541B72EBB3164001E32EB /* FOIAPhone.app */;
			productType = "com.apple.product-type.application";
		};
		8C1541C32EBB3166001E32EB /* FOIAPhoneTests */ = {
			isa = PBXNativeTarget;
			buildConfigurationList = 8C1541DB2EBB3167001E32EB /* Build configuration list for PBXNativeTarget "FOIAPhoneTests" */;
			buildPhases = (
				8C1541C02EBB3166001E32EB /* Sources */,
				8C1541C12EBB3166001E32EB /* Frameworks */,
				8C1541C22EBB3166001E32EB /* Resources */,
			);
			buildRules = (
			);
			dependencies = (
				8C1541C62EBB3166001E32EB /* PBXTargetDependency */,
			);
			fileSystemSynchronizedGroups = (
				8C1541C72EBB3166001E32EB /* FOIAPhoneTests */,
			);
			name = FOIAPhoneTests;
			packageProductDependencies = (
				8C1541E92EBB38E8001E32EB /* GRDB */,
			);
			productName = FOIAPhoneTests;
			productReference = 8C1541C42EBB3166001E32EB /* FOIAPhoneTests.xctest */;
			productType = "com.apple.product-type.bundle.unit-test";
		};
		8C1541CD2EBB3166001E32EB /* FOIAPhoneUITests */ = {
			isa = PBXNativeTarget;
			buildConfigurationList = 8C1541DE2EBB3167001E32EB /* Build configuration list for PBXNativeTarget "FOIAPhoneUITests" */;
			buildPhases = (
				8C1541CA2EBB3166001E32EB /* Sources */,
				8C1541CB2EBB3166001E32EB /* Frameworks */,
				8C1541CC2EBB3166001E32EB /* Resources */,
			);
			buildRules = (
			);
			dependencies = (
				8C1541D02EBB3166001E32EB /* PBXTargetDependency */,
			);
			fileSystemSynchronizedGroups = (
				8C1541D12EBB3166001E32EB /* FOIAPhoneUITests */,
			);
			name = FOIAPhoneUITests;
			packageProductDependencies = (
				8C1541EB2EBB38F7001E32EB /* GRDB */,
			);
			productName = FOIAPhoneUITests;
			productReference = 8C1541CE2EBB3166001E32EB /* FOIAPhoneUITests.xctest */;
			productType = "com.apple.product-type.bundle.ui-testing";
		};
/* End PBXNativeTarget section */

/* Begin PBXProject section */
		8C1541AF2EBB3164001E32EB /* Project object */ = {
			isa = PBXProject;
			attributes = {
				BuildIndependentTargetsInParallel = 1;
				LastSwiftUpdateCheck = 1640;
				LastUpgradeCheck = 1640;
				TargetAttributes = {
					8C1541B62EBB3164001E32EB = {
						CreatedOnToolsVersion = 16.4;
					};
					8C1541C32EBB3166001E32EB = {
						CreatedOnToolsVersion = 16.4;
						TestTargetID = 8C1541B62EBB3164001E32EB;
					};
					8C1541CD2EBB3166001E32EB = {
						CreatedOnToolsVersion = 16.4;
						TestTargetID = 8C1541B62EBB3164001E32EB;
					};
				};
			};
			buildConfigurationList = 8C1541B22EBB3164001E32EB /* Build configuration list for PBXProject "FOIAPhone" */;
			developmentRegion = en;
			hasScannedForEncodings = 0;
			knownRegions = (
				en,
				Base,
			);
			mainGroup = 8C1541AE2EBB3164001E32EB;
			minimizedProjectReferenceProxies = 1;
			packageReferences = (
				8C1541E12EBB381E001E32EB /* XCRemoteSwiftPackageReference "GRDB.swift" */,
			);
			preferredProjectObjectVersion = 77;
			productRefGroup = 8C1541B82EBB3164001E32EB /* Products */;
			projectDirPath = "";
			projectRoot = "";
			targets = (
				8C1541B62EBB3164001E32EB /* FOIAPhone */,
				8C1541C32EBB3166001E32EB /* FOIAPhoneTests */,
				8C1541CD2EBB3166001E32EB /* FOIAPhoneUITests */,
			);
		};
/* End PBXProject section */

/* Begin PBXResourcesBuildPhase section */
		8C1541B52EBB3164001E32EB /* Resources */ = {
			isa = PBXResourcesBuildPhase;
			buildActionMask = 2147483647;
			files = (
			);
			runOnlyForDeploymentPostprocessing = 0;
		};
		8C1541C22EBB3166001E32EB /* Resources */ = {
			isa = PBXResourcesBuildPhase;
			buildActionMask = 2147483647;
			files = (
			);
			runOnlyForDeploymentPostprocessing = 0;
		};
		8C1541CC2EBB3166001E32EB /* Resources */ = {
			isa = PBXResourcesBuildPhase;
			buildActionMask = 2147483647;
			files = (
			);
			runOnlyForDeploymentPostprocessing = 0;
		};
/* End PBXResourcesBuildPhase section */

/* Begin PBXSourcesBuildPhase section */
		8C1541B32EBB3164001E32EB /* Sources */ = {
			isa = PBXSourcesBuildPhase;
			buildActionMask = 2147483647;
			files = (
			);
			runOnlyForDeploymentPostprocessing = 0;
		};
		8C1541C02EBB3166001E32EB /* Sources */ = {
			isa = PBXSourcesBuildPhase;
			buildActionMask = 2147483647;
			files = (
			);
			runOnlyForDeploymentPostprocessing = 0;
		};
		8C1541CA2EBB3166001E32EB /* Sources */ = {
			isa = PBXSourcesBuildPhase;
			buildActionMask = 2147483647;
			files = (
			);
			runOnlyForDeploymentPostprocessing = 0;
		};
/* End PBXSourcesBuildPhase section */

/* Begin PBXTargetDependency section */
		8C1541C62EBB3166001E32EB /* PBXTargetDependency */ = {
			isa = PBXTargetDependency;
			target = 8C1541B62EBB3164001E32EB /* FOIAPhone */;
			targetProxy = 8C1541C52EBB3166001E32EB /* PBXContainerItemProxy */;
		};
		8C1541D02EBB3166001E32EB /* PBXTargetDependency */ = {
			isa = PBXTargetDependency;
			target = 8C1541B62EBB3164001E32EB /* FOIAPhone */;
			targetProxy = 8C1541CF2EBB3166001E32EB /* PBXContainerItemProxy */;
		};
/* End PBXTargetDependency section */

/* Begin XCBuildConfiguration section */
		8C1541D62EBB3167001E32EB /* Debug */ = {
			isa = XCBuildConfiguration;
			buildSettings = {
				ALWAYS_SEARCH_USER_PATHS = NO;
				ASSETCATALOG_COMPILER_GENERATE_SWIFT_ASSET_SYMBOL_EXTENSIONS = YES;
				CLANG_ANALYZER_NONNULL = YES;
				CLANG_ANALYZER_NUMBER_OBJECT_CONVERSION = YES_AGGRESSIVE;
				CLANG_CXX_LANGUAGE_STANDARD = "gnu++20";
				CLANG_ENABLE_MODULES = YES;
				CLANG_ENABLE_OBJC_ARC = YES;
				CLANG_ENABLE_OBJC_WEAK = YES;
				CLANG_WARN_BLOCK_CAPTURE_AUTORELEASING = YES;
				CLANG_WARN_BOOL_CONVERSION = YES;
				CLANG_WARN_COMMA = YES;
				CLANG_WARN_CONSTANT_CONVERSION = YES;
				CLANG_WARN_DEPRECATED_OBJC_IMPLEMENTATIONS = YES;
				CLANG_WARN_DIRECT_OBJC_ISA_USAGE = YES_ERROR;
				CLANG_WARN_DOCUMENTATION_COMMENTS = YES;
				CLANG_WARN_EMPTY_BODY = YES;
				CLANG_WARN_ENUM_CONVERSION = YES;
				CLANG_WARN_INFINITE_RECURSION = YES;
				CLANG_WARN_INT_CONVERSION = YES;
				CLANG_WARN_NON_LITERAL_NULL_CONVERSION = YES;
				CLANG_WARN_OBJC_IMPLICIT_RETAIN_SELF = YES;
				CLANG_WARN_OBJC_LITERAL_CONVERSION = YES;
				CLANG_WARN_OBJC_ROOT_CLASS = YES_ERROR;
				CLANG_WARN_QUOTED_INCLUDE_IN_FRAMEWORK_HEADER = YES;
				CLANG_WARN_RANGE_LOOP_ANALYSIS = YES;
				CLANG_WARN_STRICT_PROTOTYPES = YES;
				CLANG_WARN_SUSPICIOUS_MOVE = YES;
				CLANG_WARN_UNGUARDED_AVAILABILITY = YES_AGGRESSIVE;
				CLANG_WARN_UNREACHABLE_CODE = YES;
				CLANG_WARN__DUPLICATE_METHOD_MATCH = YES;
				COPY_PHASE_STRIP = NO;
				DEBUG_INFORMATION_FORMAT = dwarf;
				DEVELOPMENT_TEAM = 3A5922G8N4;
				ENABLE_STRICT_OBJC_MSGSEND = YES;
				ENABLE_TESTABILITY = YES;
				ENABLE_USER_SCRIPT_SANDBOXING = YES;
				GCC_C_LANGUAGE_STANDARD = gnu17;
				GCC_DYNAMIC_NO_PIC = NO;
				GCC_NO_COMMON_BLOCKS = YES;
				GCC_OPTIMIZATION_LEVEL = 0;
				GCC_PREPROCESSOR_DEFINITIONS = (
					"DEBUG=1",
					"$(inherited)",
				);
				GCC_WARN_64_TO_32_BIT_CONVERSION = YES;
				GCC_WARN_ABOUT_RETURN_TYPE = YES_ERROR;
				GCC_WARN_UNDECLARED_SELECTOR = YES;
				GCC_WARN_UNINITIALIZED_AUTOS = YES_AGGRESSIVE;
				GCC_WARN_UNUSED_FUNCTION = YES;
				GCC_WARN_UNUSED_VARIABLE = YES;
				IPHONEOS_DEPLOYMENT_TARGET = 18.5;
				LOCALIZATION_PREFERS_STRING_CATALOGS = YES;
				MTL_ENABLE_DEBUG_INFO = INCLUDE_SOURCE;
				MTL_FAST_MATH = YES;
				ONLY_ACTIVE_ARCH = YES;
				SDKROOT = iphoneos;
				SWIFT_ACTIVE_COMPILATION_CONDITIONS = "DEBUG $(inherited)";
				SWIFT_OPTIMIZATION_LEVEL = "-Onone";
			};
			name = Debug;
		};
		8C1541D72EBB3167001E32EB /* Release */ = {
			isa = XCBuildConfiguration;
			buildSettings = {
				ALWAYS_SEARCH_USER_PATHS = NO;
				ASSETCATALOG_COMPILER_GENERATE_SWIFT_ASSET_SYMBOL_EXTENSIONS = YES;
				CLANG_ANALYZER_NONNULL = YES;
				CLANG_ANALYZER_NUMBER_OBJECT_CONVERSION = YES_AGGRESSIVE;
				CLANG_CXX_LANGUAGE_STANDARD = "gnu++20";
				CLANG_ENABLE_MODULES = YES;
				CLANG_ENABLE_OBJC_ARC = YES;
				CLANG_ENABLE_OBJC_WEAK = YES;
				CLANG_WARN_BLOCK_CAPTURE_AUTORELEASING = YES;
				CLANG_WARN_BOOL_CONVERSION = YES;
				CLANG_WARN_COMMA = YES;
				CLANG_WARN_CONSTANT_CONVERSION = YES;
				CLANG_WARN_DEPRECATED_OBJC_IMPLEMENTATIONS = YES;
				CLANG_WARN_DIRECT_OBJC_ISA_USAGE = YES_ERROR;
				CLANG_WARN_DOCUMENTATION_COMMENTS = YES;
				CLANG_WARN_EMPTY_BODY = YES;
				CLANG_WARN_ENUM_CONVERSION = YES;
				CLANG_WARN_INFINITE_RECURSION = YES;
				CLANG_WARN_INT_CONVERSION = YES;
				CLANG_WARN_NON_LITERAL_NULL_CONVERSION = YES;
				CLANG_WARN_OBJC_IMPLICIT_RETAIN_SELF = YES;
				CLANG_WARN_OBJC_LITERAL_CONVERSION = YES;
				CLANG_WARN_OBJC_ROOT_CLASS = YES_ERROR;
				CLANG_WARN_QUOTED_INCLUDE_IN_FRAMEWORK_HEADER = YES;
				CLANG_WARN_RANGE_LOOP_ANALYSIS = YES;
				CLANG_WARN_STRICT_PROTOTYPES = YES;
				CLANG_WARN_SUSPICIOUS_MOVE = YES;
				CLANG_WARN_UNGUARDED_AVAILABILITY = YES_AGGRESSIVE;
				CLANG_WARN_UNREACHABLE_CODE = YES;
				CLANG_WARN__DUPLICATE_METHOD_MATCH = YES;
				COPY_PHASE_STRIP = NO;
				DEBUG_INFORMATION_FORMAT = "dwarf-with-dsym";
				DEVELOPMENT_TEAM = 3A5922G8N4;
				ENABLE_NS_ASSERTIONS = NO;
				ENABLE_STRICT_OBJC_MSGSEND = YES;
				ENABLE_USER_SCRIPT_SANDBOXING = YES;
				GCC_C_LANGUAGE_STANDARD = gnu17;
				GCC_NO_COMMON_BLOCKS = YES;
				GCC_WARN_64_TO_32_BIT_CONVERSION = YES;
				GCC_WARN_ABOUT_RETURN_TYPE = YES_ERROR;
				GCC_WARN_UNDECLARED_SELECTOR = YES;
				GCC_WARN_UNINITIALIZED_AUTOS = YES_AGGRESSIVE;
				GCC_WARN_UNUSED_FUNCTION = YES;
				GCC_WARN_UNUSED_VARIABLE = YES;
				IPHONEOS_DEPLOYMENT_TARGET = 18.5;
				LOCALIZATION_PREFERS_STRING_CATALOGS = YES;
				MTL_ENABLE_DEBUG_INFO = NO;
				MTL_FAST_MATH = YES;
				SDKROOT = iphoneos;
				SWIFT_COMPILATION_MODE = wholemodule;
				VALIDATE_PRODUCT = YES;
			};
			name = Release;
		};
		8C1541D92EBB3167001E32EB /* Debug */ = {
			isa = XCBuildConfiguration;
			buildSettings = {
				ASSETCATALOG_COMPILER_APPICON_NAME = AppIcon;
				ASSETCATALOG_COMPILER_GLOBAL_ACCENT_COLOR_NAME = AccentColor;
				CODE_SIGN_STYLE = Automatic;
				CURRENT_PROJECT_VERSION = 1;
				DEVELOPMENT_TEAM = 3A5922G8N4;
				ENABLE_PREVIEWS = YES;
				GENERATE_INFOPLIST_FILE = YES;
				INFOPLIST_KEY_UIApplicationSceneManifest_Generation = YES;
				INFOPLIST_KEY_UIApplicationSupportsIndirectInputEvents = YES;
				INFOPLIST_KEY_UILaunchScreen_Generation = YES;
				INFOPLIST_KEY_UISupportedInterfaceOrientations_iPad = "UIInterfaceOrientationPortrait UIInterfaceOrientationPortraitUpsideDown UIInterfaceOrientationLandscapeLeft UIInterfaceOrientationLandscapeRight";
				INFOPLIST_KEY_UISupportedInterfaceOrientations_iPhone = "UIInterfaceOrientationPortrait UIInterfaceOrientationLandscapeLeft UIInterfaceOrientationLandscapeRight";
				LD_RUNPATH_SEARCH_PATHS = (
					"$(inherited)",
					"@executable_path/Frameworks",
				);
				MARKETING_VERSION = 1.0;
				PRODUCT_BUNDLE_IDENTIFIER = com.articlexv.FOIAPhone;
				PRODUCT_NAME = "$(TARGET_NAME)";
				SWIFT_EMIT_LOC_STRINGS = YES;
				SWIFT_VERSION = 5.0;
				TARGETED_DEVICE_FAMILY = "1,2";
			};
			name = Debug;
		};
		8C1541DA2EBB3167001E32EB /* Release */ = {
			isa = XCBuildConfiguration;
			buildSettings = {
				ASSETCATALOG_COMPILER_APPICON_NAME = AppIcon;
				ASSETCATALOG_COMPILER_GLOBAL_ACCENT_COLOR_NAME = AccentColor;
				CODE_SIGN_STYLE = Automatic;
				CURRENT_PROJECT_VERSION = 1;
				DEVELOPMENT_TEAM = 3A5922G8N4;
				ENABLE_PREVIEWS = YES;
				GENERATE_INFOPLIST_FILE = YES;
				INFOPLIST_KEY_UIApplicationSceneManifest_Generation = YES;
				INFOPLIST_KEY_UIApplicationSupportsIndirectInputEvents = YES;
				INFOPLIST_KEY_UILaunchScreen_Generation = YES;
				INFOPLIST_KEY_UISupportedInterfaceOrientations_iPad = "UIInterfaceOrientationPortrait UIInterfaceOrientationPortraitUpsideDown UIInterfaceOrientationLandscapeLeft UIInterfaceOrientationLandscapeRight";
				INFOPLIST_KEY_UISupportedInterfaceOrientations_iPhone = "UIInterfaceOrientationPortrait UIInterfaceOrientationLandscapeLeft UIInterfaceOrientationLandscapeRight";
				LD_RUNPATH_SEARCH_PATHS = (
					"$(inherited)",
					"@executable_path/Frameworks",
				);
				MARKETING_VERSION = 1.0;
				PRODUCT_BUNDLE_IDENTIFIER = com.articlexv.FOIAPhone;
				PRODUCT_NAME = "$(TARGET_NAME)";
				SWIFT_EMIT_LOC_STRINGS = YES;
				SWIFT_VERSION = 5.0;
				TARGETED_DEVICE_FAMILY = "1,2";
			};
			name = Release;
		};
		8C1541DC2EBB3167001E32EB /* Debug */ = {
			isa = XCBuildConfiguration;
			buildSettings = {
				BUNDLE_LOADER = "$(TEST_HOST)";
				CODE_SIGN_STYLE = Automatic;
				CURRENT_PROJECT_VERSION = 1;
				DEVELOPMENT_TEAM = 3A5922G8N4;
				GENERATE_INFOPLIST_FILE = YES;
				IPHONEOS_DEPLOYMENT_TARGET = 18.5;
				MARKETING_VERSION = 1.0;
				PRODUCT_BUNDLE_IDENTIFIER = com.articlexv.FOIAPhoneTests;
				PRODUCT_NAME = "$(TARGET_NAME)";
				SWIFT_EMIT_LOC_STRINGS = NO;
				SWIFT_VERSION = 5.0;
				TARGETED_DEVICE_FAMILY = "1,2";
				TEST_HOST = "$(BUILT_PRODUCTS_DIR)/FOIAPhone.app/$(BUNDLE_EXECUTABLE_FOLDER_PATH)/FOIAPhone";
			};
			name = Debug;
		};
		8C1541DD2EBB3167001E32EB /* Release */ = {
			isa = XCBuildConfiguration;
			buildSettings = {
				BUNDLE_LOADER = "$(TEST_HOST)";
				CODE_SIGN_STYLE = Automatic;
				CURRENT_PROJECT_VERSION = 1;
				DEVELOPMENT_TEAM = 3A5922G8N4;
				GENERATE_INFOPLIST_FILE = YES;
				IPHONEOS_DEPLOYMENT_TARGET = 18.5;
				MARKETING_VERSION = 1.0;
				PRODUCT_BUNDLE_IDENTIFIER = com.articlexv.FOIAPhoneTests;
				PRODUCT_NAME = "$(TARGET_NAME)";
				SWIFT_EMIT_LOC_STRINGS = NO;
				SWIFT_VERSION = 5.0;
				TARGETED_DEVICE_FAMILY = "1,2";
				TEST_HOST = "$(BUILT_PRODUCTS_DIR)/FOIAPhone.app/$(BUNDLE_EXECUTABLE_FOLDER_PATH)/FOIAPhone";
			};
			name = Release;
		};
		8C1541DF2EBB3167001E32EB /* Debug */ = {
			isa = XCBuildConfiguration;
			buildSettings = {
				CODE_SIGN_STYLE = Automatic;
				CURRENT_PROJECT_VERSION = 1;
				DEVELOPMENT_TEAM = 3A5922G8N4;
				GENERATE_INFOPLIST_FILE = YES;
				MARKETING_VERSION = 1.0;
				PRODUCT_BUNDLE_IDENTIFIER = com.articlexv.FOIAPhoneUITests;
				PRODUCT_NAME = "$(TARGET_NAME)";
				SWIFT_EMIT_LOC_STRINGS = NO;
				SWIFT_VERSION = 5.0;
				TARGETED_DEVICE_FAMILY = "1,2";
				TEST_TARGET_NAME = FOIAPhone;
			};
			name = Debug;
		};
		8C1541E02EBB3167001E32EB /* Release */ = {
			isa = XCBuildConfiguration;
			buildSettings = {
				CODE_SIGN_STYLE = Automatic;
				CURRENT_PROJECT_VERSION = 1;
				DEVELOPMENT_TEAM = 3A5922G8N4;
				GENERATE_INFOPLIST_FILE = YES;
				MARKETING_VERSION = 1.0;
				PRODUCT_BUNDLE_IDENTIFIER = com.articlexv.FOIAPhoneUITests;
				PRODUCT_NAME = "$(TARGET_NAME)";
				SWIFT_EMIT_LOC_STRINGS = NO;
				SWIFT_VERSION = 5.0;
				TARGETED_DEVICE_FAMILY = "1,2";
				TEST_TARGET_NAME = FOIAPhone;
			};
			name = Release;
		};
/* End XCBuildConfiguration section */

/* Begin XCConfigurationList section */
		8C1541B22EBB3164001E32EB /* Build configuration list for PBXProject "FOIAPhone" */ = {
			isa = XCConfigurationList;
			buildConfigurations = (
				8C1541D62EBB3167001E32EB /* Debug */,
				8C1541D72EBB3167001E32EB /* Release */,
			);
			defaultConfigurationIsVisible = 0;
			defaultConfigurationName = Release;
		};
		8C1541D82EBB3167001E32EB /* Build configuration list for PBXNativeTarget "FOIAPhone" */ = {
			isa = XCConfigurationList;
			buildConfigurations = (
				8C1541D92EBB3167001E32EB /* Debug */,
				8C1541DA2EBB3167001E32EB /* Release */,
			);
			defaultConfigurationIsVisible = 0;
			defaultConfigurationName = Release;
		};
		8C1541DB2EBB3167001E32EB /* Build configuration list for PBXNativeTarget "FOIAPhoneTests" */ = {
			isa = XCConfigurationList;
			buildConfigurations = (
				8C1541DC2EBB3167001E32EB /* Debug */,
				8C1541DD2EBB3167001E32EB /* Release */,
			);
			defaultConfigurationIsVisible = 0;
			defaultConfigurationName = Release;
		};
		8C1541DE2EBB3167001E32EB /* Build configuration list for PBXNativeTarget "FOIAPhoneUITests" */ = {
			isa = XCConfigurationList;
			buildConfigurations = (
				8C1541DF2EBB3167001E32EB /* Debug */,
				8C1541E02EBB3167001E32EB /* Release */,
			);
			defaultConfigurationIsVisible = 0;
			defaultConfigurationName = Release;
		};
/* End XCConfigurationList section */

/* Begin XCRemoteSwiftPackageReference section */
		8C1541E12EBB381E001E32EB /* XCRemoteSwiftPackageReference "GRDB.swift" */ = {
			isa = XCRemoteSwiftPackageReference;
			repositoryURL = "https://github.com/groue/GRDB.swift.git";
			requirement = {
				branch = master;
				kind = branch;
			};
		};
/* End XCRemoteSwiftPackageReference section */

/* Begin XCSwiftPackageProductDependency section */
		8C1541E62EBB38CC001E32EB /* GRDB */ = {
			isa = XCSwiftPackageProductDependency;
			package = 8C1541E12EBB381E001E32EB /* XCRemoteSwiftPackageReference "GRDB.swift" */;
			productName = GRDB;
		};
		8C1541E92EBB38E8001E32EB /* GRDB */ = {
			isa = XCSwiftPackageProductDependency;
			package = 8C1541E12EBB381E001E32EB /* XCRemoteSwiftPackageReference "GRDB.swift" */;
			productName = GRDB;
		};
		8C1541EB2EBB38F7001E32EB /* GRDB */ = {
			isa = XCSwiftPackageProductDependency;
			package = 8C1541E12EBB381E001E32EB /* XCRemoteSwiftPackageReference "GRDB.swift" */;
			productName = GRDB;
		};
/* End XCSwiftPackageProductDependency section */
	};
	rootObject = 8C1541AF2EBB3164001E32EB /* Project object */;
}
