// !$*UTF8*$!
{
	archiveVersion = 1;
	classes = {
	};
	objectVersion = 77;
	objects = {

/* Begin PBXBuildFile section */
		8C210E3E2E8B20B3005D056B /* Fakery in Frameworks */ = {isa = PBXBuildFile; productRef = 8C210E3D2E8B20B3005D056B /* Fakery */; };
		8C5844012E889787008ED000 /* Fakery in Frameworks */ = {isa = PBXBuildFile; productRef = 8C5844002E889787008ED000 /* Fakery */; };
		8CAAE4462E8AFE5100701643 /* ViewInspector in Frameworks */ = {isa = PBXBuildFile; productRef = 8CAAE4452E8AFE5100701643 /* ViewInspector */; };
/* End PBXBuildFile section */

/* Begin PBXContainerItemProxy section */
		8CD5693A2E7B3B1E00E17A7B /* PBXContainerItemProxy */ = {
			isa = PBXContainerItemProxy;
			containerPortal = 8CD569242E7B3B1B00E17A7B /* Project object */;
			proxyType = 1;
			remoteGlobalIDString = 8CD5692B2E7B3B1C00E17A7B;
			remoteInfo = FOIAPhone;
		};
		8CD569442E7B3B1E00E17A7B /* PBXContainerItemProxy */ = {
			isa = PBXContainerItemProxy;
			containerPortal = 8CD569242E7B3B1B00E17A7B /* Project object */;
			proxyType = 1;
			remoteGlobalIDString = 8CD5692B2E7B3B1C00E17A7B;
			remoteInfo = FOIAPhone;
		};
/* End PBXContainerItemProxy section */

/* Begin PBXFileReference section */
		8C5843F62E81D84F008ED000 /* FOIAPhone.xctestplan */ = {isa = PBXFileReference; lastKnownFileType = text; path = FOIAPhone.xctestplan; sourceTree = "<group>"; };
		8CD5692C2E7B3B1C00E17A7B /* FOIAPhone.app */ = {isa = PBXFileReference; explicitFileType = wrapper.application; includeInIndex = 0; path = FOIAPhone.app; sourceTree = BUILT_PRODUCTS_DIR; };
		8CD569392E7B3B1E00E17A7B /* FOIAPhoneTests.xctest */ = {isa = PBXFileReference; explicitFileType = wrapper.cfbundle; includeInIndex = 0; path = FOIAPhoneTests.xctest; sourceTree = BUILT_PRODUCTS_DIR; };
		8CD569432E7B3B1E00E17A7B /* FOIAPhoneUITests.xctest */ = {isa = PBXFileReference; explicitFileType = wrapper.cfbundle; includeInIndex = 0; path = FOIAPhoneUITests.xctest; sourceTree = BUILT_PRODUCTS_DIR; };
/* End PBXFileReference section */

/* Begin PBXFileSystemSynchronizedBuildFileExceptionSet section */
		8C445ECC2EAB6F61009CE046 /* Exceptions for "FOIAPhone" folder in "FOIAPhoneUITests" target */ = {
			isa = PBXFileSystemSynchronizedBuildFileExceptionSet;
			membershipExceptions = (
				Actors/Actors.swift,
				FPNavStack.swift,
				Models/AgencyModel.swift,
				Models/JurisdictionModel.swift,
				Models/RequestModel.swift,
				Models/TemplateModel.swift,
				Services/Services.swift,
				Views/MainMenuView.swift,
				Views/RequestDetailView.swift,
				Views/RequestListView.swift,
			);
			target = 8CD569422E7B3B1E00E17A7B /* FOIAPhoneUITests */;
		};
		8C445EE02EAB830F009CE046 /* Exceptions for "FOIAPhone" folder in "FOIAPhoneTests" target */ = {
			isa = PBXFileSystemSynchronizedBuildFileExceptionSet;
			membershipExceptions = (
				Actors/Actors.swift,
				Models/AgencyModel.swift,
				Models/JurisdictionModel.swift,
				Models/RequestModel.swift,
				Models/TemplateModel.swift,
				Services/Services.swift,
			);
			target = 8CD569382E7B3B1E00E17A7B /* FOIAPhoneTests */;
		};
/* End PBXFileSystemSynchronizedBuildFileExceptionSet section */

/* Begin PBXFileSystemSynchronizedRootGroup section */
		8CD5692E2E7B3B1C00E17A7B /* FOIAPhone */ = {
			isa = PBXFileSystemSynchronizedRootGroup;
			exceptions = (
				8C445EE02EAB830F009CE046 /* Exceptions for "FOIAPhone" folder in "FOIAPhoneTests" target */,
				8C445ECC2EAB6F61009CE046 /* Exceptions for "FOIAPhone" folder in "FOIAPhoneUITests" target */,
			);
			path = FOIAPhone;
			sourceTree = "<group>";
		};
		8CD5693C2E7B3B1E00E17A7B /* FOIAPhoneTests */ = {
			isa = PBXFileSystemSynchronizedRootGroup;
			path = FOIAPhoneTests;
			sourceTree = "<group>";
		};
		8CD569462E7B3B1E00E17A7B /* FOIAPhoneUITests */ = {
			isa = PBXFileSystemSynchronizedRootGroup;
			path = FOIAPhoneUITests;
			sourceTree = "<group>";
		};
/* End PBXFileSystemSynchronizedRootGroup section */

/* Begin PBXFrameworksBuildPhase section */
		8CD569292E7B3B1C00E17A7B /* Frameworks */ = {
			isa = PBXFrameworksBuildPhase;
			buildActionMask = 2147483647;
			files = (
				8C5844012E889787008ED000 /* Fakery in Frameworks */,
			);
			runOnlyForDeploymentPostprocessing = 0;
		};
		8CD569362E7B3B1E00E17A7B /* Frameworks */ = {
			isa = PBXFrameworksBuildPhase;
			buildActionMask = 2147483647;
			files = (
			);
			runOnlyForDeploymentPostprocessing = 0;
		};
		8CD569402E7B3B1E00E17A7B /* Frameworks */ = {
			isa = PBXFrameworksBuildPhase;
			buildActionMask = 2147483647;
			files = (
				8C210E3E2E8B20B3005D056B /* Fakery in Frameworks */,
				8CAAE4462E8AFE5100701643 /* ViewInspector in Frameworks */,
			);
			runOnlyForDeploymentPostprocessing = 0;
		};
/* End PBXFrameworksBuildPhase section */

/* Begin PBXGroup section */
		8C210E3C2E8B20B3005D056B /* Frameworks */ = {
			isa = PBXGroup;
			children = (
			);
			name = Frameworks;
			sourceTree = "<group>";
		};
		8CD569232E7B3B1B00E17A7B = {
			isa = PBXGroup;
			children = (
				8C5843F62E81D84F008ED000 /* FOIAPhone.xctestplan */,
				8CD5692E2E7B3B1C00E17A7B /* FOIAPhone */,
				8CD5693C2E7B3B1E00E17A7B /* FOIAPhoneTests */,
				8CD569462E7B3B1E00E17A7B /* FOIAPhoneUITests */,
				8C210E3C2E8B20B3005D056B /* Frameworks */,
				8CD5692D2E7B3B1C00E17A7B /* Products */,
			);
			sourceTree = "<group>";
		};
		8CD5692D2E7B3B1C00E17A7B /* Products */ = {
			isa = PBXGroup;
			children = (
				8CD5692C2E7B3B1C00E17A7B /* FOIAPhone.app */,
				8CD569392E7B3B1E00E17A7B /* FOIAPhoneTests.xctest */,
				8CD569432E7B3B1E00E17A7B /* FOIAPhoneUITests.xctest */,
			);
			name = Products;
			sourceTree = "<group>";
		};
/* End PBXGroup section */

/* Begin PBXNativeTarget section */
		8CD5692B2E7B3B1C00E17A7B /* FOIAPhone */ = {
			isa = PBXNativeTarget;
			buildConfigurationList = 8CD5694D2E7B3B1E00E17A7B /* Build configuration list for PBXNativeTarget "FOIAPhone" */;
			buildPhases = (
				8CD569282E7B3B1C00E17A7B /* Sources */,
				8CD569292E7B3B1C00E17A7B /* Frameworks */,
				8CD5692A2E7B3B1C00E17A7B /* Resources */,
			);
			buildRules = (
			);
			dependencies = (
			);
			fileSystemSynchronizedGroups = (
				8CD5692E2E7B3B1C00E17A7B /* FOIAPhone */,
			);
			name = FOIAPhone;
			packageProductDependencies = (
				8C5844002E889787008ED000 /* Fakery */,
			);
			productName = FOIAPhone;
			productReference = 8CD5692C2E7B3B1C00E17A7B /* FOIAPhone.app */;
			productType = "com.apple.product-type.application";
		};
		8CD569382E7B3B1E00E17A7B /* FOIAPhoneTests */ = {
			isa = PBXNativeTarget;
			buildConfigurationList = 8CD569502E7B3B1E00E17A7B /* Build configuration list for PBXNativeTarget "FOIAPhoneTests" */;
			buildPhases = (
				8CD569352E7B3B1E00E17A7B /* Sources */,
				8CD569362E7B3B1E00E17A7B /* Frameworks */,
				8CD569372E7B3B1E00E17A7B /* Resources */,
			);
			buildRules = (
			);
			dependencies = (
				8CD5693B2E7B3B1E00E17A7B /* PBXTargetDependency */,
			);
			fileSystemSynchronizedGroups = (
				8CD5693C2E7B3B1E00E17A7B /* FOIAPhoneTests */,
			);
			name = FOIAPhoneTests;
			packageProductDependencies = (
			);
			productName = FOIAPhoneTests;
			productReference = 8CD569392E7B3B1E00E17A7B /* FOIAPhoneTests.xctest */;
			productType = "com.apple.product-type.bundle.unit-test";
		};
		8CD569422E7B3B1E00E17A7B /* FOIAPhoneUITests */ = {
			isa = PBXNativeTarget;
			buildConfigurationList = 8CD569532E7B3B1E00E17A7B /* Build configuration list for PBXNativeTarget "FOIAPhoneUITests" */;
			buildPhases = (
				8CD5693F2E7B3B1E00E17A7B /* Sources */,
				8CD569402E7B3B1E00E17A7B /* Frameworks */,
				8CD569412E7B3B1E00E17A7B /* Resources */,
			);
			buildRules = (
			);
			dependencies = (
				8CD569452E7B3B1E00E17A7B /* PBXTargetDependency */,
			);
			fileSystemSynchronizedGroups = (
				8CD569462E7B3B1E00E17A7B /* FOIAPhoneUITests */,
			);
			name = FOIAPhoneUITests;
			packageProductDependencies = (
				8CAAE4452E8AFE5100701643 /* ViewInspector */,
				8C210E3D2E8B20B3005D056B /* Fakery */,
			);
			productName = FOIAPhoneUITests;
			productReference = 8CD569432E7B3B1E00E17A7B /* FOIAPhoneUITests.xctest */;
			productType = "com.apple.product-type.bundle.ui-testing";
		};
/* End PBXNativeTarget section */

/* Begin PBXProject section */
		8CD569242E7B3B1B00E17A7B /* Project object */ = {
			isa = PBXProject;
			attributes = {
				BuildIndependentTargetsInParallel = 1;
				LastSwiftUpdateCheck = 1640;
				LastUpgradeCheck = 1640;
				TargetAttributes = {
					8CD5692B2E7B3B1C00E17A7B = {
						CreatedOnToolsVersion = 16.4;
					};
					8CD569382E7B3B1E00E17A7B = {
						CreatedOnToolsVersion = 16.4;
						TestTargetID = 8CD5692B2E7B3B1C00E17A7B;
					};
					8CD569422E7B3B1E00E17A7B = {
						CreatedOnToolsVersion = 16.4;
						TestTargetID = 8CD5692B2E7B3B1C00E17A7B;
					};
				};
			};
			buildConfigurationList = 8CD569272E7B3B1B00E17A7B /* Build configuration list for PBXProject "FOIAPhone" */;
			developmentRegion = en;
			hasScannedForEncodings = 0;
			knownRegions = (
				en,
				Base,
			);
			mainGroup = 8CD569232E7B3B1B00E17A7B;
			minimizedProjectReferenceProxies = 1;
			packageReferences = (
				8C5843FF2E87370D008ED000 /* XCRemoteSwiftPackageReference "Fakery" */,
				8CAAE4442E8AFE5100701643 /* XCRemoteSwiftPackageReference "ViewInspector" */,
			);
			preferredProjectObjectVersion = 77;
			productRefGroup = 8CD5692D2E7B3B1C00E17A7B /* Products */;
			projectDirPath = "";
			projectRoot = "";
			targets = (
				8CD5692B2E7B3B1C00E17A7B /* FOIAPhone */,
				8CD569382E7B3B1E00E17A7B /* FOIAPhoneTests */,
				8CD569422E7B3B1E00E17A7B /* FOIAPhoneUITests */,
			);
		};
/* End PBXProject section */

/* Begin PBXResourcesBuildPhase section */
		8CD5692A2E7B3B1C00E17A7B /* Resources */ = {
			isa = PBXResourcesBuildPhase;
			buildActionMask = 2147483647;
			files = (
			);
			runOnlyForDeploymentPostprocessing = 0;
		};
		8CD569372E7B3B1E00E17A7B /* Resources */ = {
			isa = PBXResourcesBuildPhase;
			buildActionMask = 2147483647;
			files = (
			);
			runOnlyForDeploymentPostprocessing = 0;
		};
		8CD569412E7B3B1E00E17A7B /* Resources */ = {
			isa = PBXResourcesBuildPhase;
			buildActionMask = 2147483647;
			files = (
			);
			runOnlyForDeploymentPostprocessing = 0;
		};
/* End PBXResourcesBuildPhase section */

/* Begin PBXSourcesBuildPhase section */
		8CD569282E7B3B1C00E17A7B /* Sources */ = {
			isa = PBXSourcesBuildPhase;
			buildActionMask = 2147483647;
			files = (
			);
			runOnlyForDeploymentPostprocessing = 0;
		};
		8CD569352E7B3B1E00E17A7B /* Sources */ = {
			isa = PBXSourcesBuildPhase;
			buildActionMask = 2147483647;
			files = (
			);
			runOnlyForDeploymentPostprocessing = 0;
		};
		8CD5693F2E7B3B1E00E17A7B /* Sources */ = {
			isa = PBXSourcesBuildPhase;
			buildActionMask = 2147483647;
			files = (
			);
			runOnlyForDeploymentPostprocessing = 0;
		};
/* End PBXSourcesBuildPhase section */

/* Begin PBXTargetDependency section */
		8CD5693B2E7B3B1E00E17A7B /* PBXTargetDependency */ = {
			isa = PBXTargetDependency;
			target = 8CD5692B2E7B3B1C00E17A7B /* FOIAPhone */;
			targetProxy = 8CD5693A2E7B3B1E00E17A7B /* PBXContainerItemProxy */;
		};
		8CD569452E7B3B1E00E17A7B /* PBXTargetDependency */ = {
			isa = PBXTargetDependency;
			target = 8CD5692B2E7B3B1C00E17A7B /* FOIAPhone */;
			targetProxy = 8CD569442E7B3B1E00E17A7B /* PBXContainerItemProxy */;
		};
/* End PBXTargetDependency section */

/* Begin XCBuildConfiguration section */
		8CD5694B2E7B3B1E00E17A7B /* Debug */ = {
			isa = XCBuildConfiguration;
			buildSettings = {
				ALWAYS_SEARCH_USER_PATHS = NO;
				ASSETCATALOG_COMPILER_GENERATE_SWIFT_ASSET_SYMBOL_EXTENSIONS = YES;
				CLANG_ANALYZER_NONNULL = YES;
				CLANG_ANALYZER_NUMBER_OBJECT_CONVERSION = YES_AGGRESSIVE;
				CLANG_CXX_LANGUAGE_STANDARD = "gnu++20";
				CLANG_ENABLE_MODULES = YES;
				CLANG_ENABLE_OBJC_ARC = YES;
				CLANG_ENABLE_OBJC_WEAK = YES;
				CLANG_WARN_BLOCK_CAPTURE_AUTORELEASING = YES;
				CLANG_WARN_BOOL_CONVERSION = YES;
				CLANG_WARN_COMMA = YES;
				CLANG_WARN_CONSTANT_CONVERSION = YES;
				CLANG_WARN_DEPRECATED_OBJC_IMPLEMENTATIONS = YES;
				CLANG_WARN_DIRECT_OBJC_ISA_USAGE = YES_ERROR;
				CLANG_WARN_DOCUMENTATION_COMMENTS = YES;
				CLANG_WARN_EMPTY_BODY = YES;
				CLANG_WARN_ENUM_CONVERSION = YES;
				CLANG_WARN_INFINITE_RECURSION = YES;
				CLANG_WARN_INT_CONVERSION = YES;
				CLANG_WARN_NON_LITERAL_NULL_CONVERSION = YES;
				CLANG_WARN_OBJC_IMPLICIT_RETAIN_SELF = YES;
				CLANG_WARN_OBJC_LITERAL_CONVERSION = YES;
				CLANG_WARN_OBJC_ROOT_CLASS = YES_ERROR;
				CLANG_WARN_QUOTED_INCLUDE_IN_FRAMEWORK_HEADER = YES;
				CLANG_WARN_RANGE_LOOP_ANALYSIS = YES;
				CLANG_WARN_STRICT_PROTOTYPES = YES;
				CLANG_WARN_SUSPICIOUS_MOVE = YES;
				CLANG_WARN_UNGUARDED_AVAILABILITY = YES_AGGRESSIVE;
				CLANG_WARN_UNREACHABLE_CODE = YES;
				CLANG_WARN__DUPLICATE_METHOD_MATCH = YES;
				COPY_PHASE_STRIP = NO;
				DEBUG_INFORMATION_FORMAT = dwarf;
				ENABLE_STRICT_OBJC_MSGSEND = YES;
				ENABLE_TESTABILITY = YES;
				ENABLE_USER_SCRIPT_SANDBOXING = YES;
				GCC_C_LANGUAGE_STANDARD = gnu17;
				GCC_DYNAMIC_NO_PIC = NO;
				GCC_NO_COMMON_BLOCKS = YES;
				GCC_OPTIMIZATION_LEVEL = 0;
				GCC_PREPROCESSOR_DEFINITIONS = (
					"DEBUG=1",
					"$(inherited)",
				);
				GCC_WARN_64_TO_32_BIT_CONVERSION = YES;
				GCC_WARN_ABOUT_RETURN_TYPE = YES_ERROR;
				GCC_WARN_UNDECLARED_SELECTOR = YES;
				GCC_WARN_UNINITIALIZED_AUTOS = YES_AGGRESSIVE;
				GCC_WARN_UNUSED_FUNCTION = YES;
				GCC_WARN_UNUSED_VARIABLE = YES;
				IPHONEOS_DEPLOYMENT_TARGET = 18.5;
				LOCALIZATION_PREFERS_STRING_CATALOGS = YES;
				MTL_ENABLE_DEBUG_INFO = INCLUDE_SOURCE;
				MTL_FAST_MATH = YES;
				ONLY_ACTIVE_ARCH = YES;
				SDKROOT = iphoneos;
				SWIFT_ACTIVE_COMPILATION_CONDITIONS = "DEBUG $(inherited)";
				SWIFT_OPTIMIZATION_LEVEL = "-Onone";
			};
			name = Debug;
		};
		8CD5694C2E7B3B1E00E17A7B /* Release */ = {
			isa = XCBuildConfiguration;
			buildSettings = {
				ALWAYS_SEARCH_USER_PATHS = NO;
				ASSETCATALOG_COMPILER_GENERATE_SWIFT_ASSET_SYMBOL_EXTENSIONS = YES;
				CLANG_ANALYZER_NONNULL = YES;
				CLANG_ANALYZER_NUMBER_OBJECT_CONVERSION = YES_AGGRESSIVE;
				CLANG_CXX_LANGUAGE_STANDARD = "gnu++20";
				CLANG_ENABLE_MODULES = YES;
				CLANG_ENABLE_OBJC_ARC = YES;
				CLANG_ENABLE_OBJC_WEAK = YES;
				CLANG_WARN_BLOCK_CAPTURE_AUTORELEASING = YES;
				CLANG_WARN_BOOL_CONVERSION = YES;
				CLANG_WARN_COMMA = YES;
				CLANG_WARN_CONSTANT_CONVERSION = YES;
				CLANG_WARN_DEPRECATED_OBJC_IMPLEMENTATIONS = YES;
				CLANG_WARN_DIRECT_OBJC_ISA_USAGE = YES_ERROR;
				CLANG_WARN_DOCUMENTATION_COMMENTS = YES;
				CLANG_WARN_EMPTY_BODY = YES;
				CLANG_WARN_ENUM_CONVERSION = YES;
				CLANG_WARN_INFINITE_RECURSION = YES;
				CLANG_WARN_INT_CONVERSION = YES;
				CLANG_WARN_NON_LITERAL_NULL_CONVERSION = YES;
				CLANG_WARN_OBJC_IMPLICIT_RETAIN_SELF = YES;
				CLANG_WARN_OBJC_LITERAL_CONVERSION = YES;
				CLANG_WARN_OBJC_ROOT_CLASS = YES_ERROR;
				CLANG_WARN_QUOTED_INCLUDE_IN_FRAMEWORK_HEADER = YES;
				CLANG_WARN_RANGE_LOOP_ANALYSIS = YES;
				CLANG_WARN_STRICT_PROTOTYPES = YES;
				CLANG_WARN_SUSPICIOUS_MOVE = YES;
				CLANG_WARN_UNGUARDED_AVAILABILITY = YES_AGGRESSIVE;
				CLANG_WARN_UNREACHABLE_CODE = YES;
				CLANG_WARN__DUPLICATE_METHOD_MATCH = YES;
				COPY_PHASE_STRIP = NO;
				DEBUG_INFORMATION_FORMAT = "dwarf-with-dsym";
				ENABLE_NS_ASSERTIONS = NO;
				ENABLE_STRICT_OBJC_MSGSEND = YES;
				ENABLE_USER_SCRIPT_SANDBOXING = YES;
				GCC_C_LANGUAGE_STANDARD = gnu17;
				GCC_NO_COMMON_BLOCKS = YES;
				GCC_WARN_64_TO_32_BIT_CONVERSION = YES;
				GCC_WARN_ABOUT_RETURN_TYPE = YES_ERROR;
				GCC_WARN_UNDECLARED_SELECTOR = YES;
				GCC_WARN_UNINITIALIZED_AUTOS = YES_AGGRESSIVE;
				GCC_WARN_UNUSED_FUNCTION = YES;
				GCC_WARN_UNUSED_VARIABLE = YES;
				IPHONEOS_DEPLOYMENT_TARGET = 18.5;
				LOCALIZATION_PREFERS_STRING_CATALOGS = YES;
				MTL_ENABLE_DEBUG_INFO = NO;
				MTL_FAST_MATH = YES;
				SDKROOT = iphoneos;
				SWIFT_COMPILATION_MODE = wholemodule;
				VALIDATE_PRODUCT = YES;
			};
			name = Release;
		};
		8CD5694E2E7B3B1E00E17A7B /* Debug */ = {
			isa = XCBuildConfiguration;
			buildSettings = {
				ASSETCATALOG_COMPILER_APPICON_NAME = AppIcon;
				ASSETCATALOG_COMPILER_GLOBAL_ACCENT_COLOR_NAME = AccentColor;
				CODE_SIGN_STYLE = Automatic;
				CURRENT_PROJECT_VERSION = 1;
				DEVELOPMENT_TEAM = 3A5922G8N4;
				ENABLE_PREVIEWS = YES;
				GENERATE_INFOPLIST_FILE = YES;
				INFOPLIST_KEY_UIApplicationSceneManifest_Generation = YES;
				INFOPLIST_KEY_UIApplicationSupportsIndirectInputEvents = YES;
				INFOPLIST_KEY_UILaunchScreen_Generation = YES;
				INFOPLIST_KEY_UISupportedInterfaceOrientations_iPad = "UIInterfaceOrientationPortrait UIInterfaceOrientationPortraitUpsideDown UIInterfaceOrientationLandscapeLeft UIInterfaceOrientationLandscapeRight";
				INFOPLIST_KEY_UISupportedInterfaceOrientations_iPhone = "UIInterfaceOrientationPortrait UIInterfaceOrientationLandscapeLeft UIInterfaceOrientationLandscapeRight";
				LD_RUNPATH_SEARCH_PATHS = (
					"$(inherited)",
					"@executable_path/Frameworks",
				);
				MARKETING_VERSION = 1.0;
				PRODUCT_BUNDLE_IDENTIFIER = com.articlexv.FOIAPhone;
				PRODUCT_NAME = "$(TARGET_NAME)";
				SWIFT_EMIT_LOC_STRINGS = YES;
				SWIFT_VERSION = 5.0;
				TARGETED_DEVICE_FAMILY = "1,2";
			};
			name = Debug;
		};
		8CD5694F2E7B3B1E00E17A7B /* Release */ = {
			isa = XCBuildConfiguration;
			buildSettings = {
				ASSETCATALOG_COMPILER_APPICON_NAME = AppIcon;
				ASSETCATALOG_COMPILER_GLOBAL_ACCENT_COLOR_NAME = AccentColor;
				CODE_SIGN_STYLE = Automatic;
				CURRENT_PROJECT_VERSION = 1;
				DEVELOPMENT_TEAM = 3A5922G8N4;
				ENABLE_PREVIEWS = YES;
				GENERATE_INFOPLIST_FILE = YES;
				INFOPLIST_KEY_UIApplicationSceneManifest_Generation = YES;
				INFOPLIST_KEY_UIApplicationSupportsIndirectInputEvents = YES;
				INFOPLIST_KEY_UILaunchScreen_Generation = YES;
				INFOPLIST_KEY_UISupportedInterfaceOrientations_iPad = "UIInterfaceOrientationPortrait UIInterfaceOrientationPortraitUpsideDown UIInterfaceOrientationLandscapeLeft UIInterfaceOrientationLandscapeRight";
				INFOPLIST_KEY_UISupportedInterfaceOrientations_iPhone = "UIInterfaceOrientationPortrait UIInterfaceOrientationLandscapeLeft UIInterfaceOrientationLandscapeRight";
				LD_RUNPATH_SEARCH_PATHS = (
					"$(inherited)",
					"@executable_path/Frameworks",
				);
				MARKETING_VERSION = 1.0;
				PRODUCT_BUNDLE_IDENTIFIER = com.articlexv.FOIAPhone;
				PRODUCT_NAME = "$(TARGET_NAME)";
				SWIFT_EMIT_LOC_STRINGS = YES;
				SWIFT_VERSION = 5.0;
				TARGETED_DEVICE_FAMILY = "1,2";
			};
			name = Release;
		};
		8CD569512E7B3B1E00E17A7B /* Debug */ = {
			isa = XCBuildConfiguration;
			buildSettings = {
				BUNDLE_LOADER = "$(TEST_HOST)";
				CODE_SIGN_STYLE = Automatic;
				CURRENT_PROJECT_VERSION = 1;
				DEVELOPMENT_TEAM = 3A5922G8N4;
				GENERATE_INFOPLIST_FILE = YES;
				IPHONEOS_DEPLOYMENT_TARGET = 18.5;
				MARKETING_VERSION = 1.0;
				PRODUCT_BUNDLE_IDENTIFIER = com.articlexv.FOIAPhoneTests;
				PRODUCT_NAME = "$(TARGET_NAME)";
				SWIFT_EMIT_LOC_STRINGS = NO;
				SWIFT_VERSION = 5.0;
				TARGETED_DEVICE_FAMILY = "1,2";
				TEST_HOST = "$(BUILT_PRODUCTS_DIR)/FOIAPhone.app/$(BUNDLE_EXECUTABLE_FOLDER_PATH)/FOIAPhone";
			};
			name = Debug;
		};
		8CD569522E7B3B1E00E17A7B /* Release */ = {
			isa = XCBuildConfiguration;
			buildSettings = {
				BUNDLE_LOADER = "$(TEST_HOST)";
				CODE_SIGN_STYLE = Automatic;
				CURRENT_PROJECT_VERSION = 1;
				DEVELOPMENT_TEAM = 3A5922G8N4;
				GENERATE_INFOPLIST_FILE = YES;
				IPHONEOS_DEPLOYMENT_TARGET = 18.5;
				MARKETING_VERSION = 1.0;
				PRODUCT_BUNDLE_IDENTIFIER = com.articlexv.FOIAPhoneTests;
				PRODUCT_NAME = "$(TARGET_NAME)";
				SWIFT_EMIT_LOC_STRINGS = NO;
				SWIFT_VERSION = 5.0;
				TARGETED_DEVICE_FAMILY = "1,2";
				TEST_HOST = "$(BUILT_PRODUCTS_DIR)/FOIAPhone.app/$(BUNDLE_EXECUTABLE_FOLDER_PATH)/FOIAPhone";
			};
			name = Release;
		};
		8CD569542E7B3B1E00E17A7B /* Debug */ = {
			isa = XCBuildConfiguration;
			buildSettings = {
				CODE_SIGN_STYLE = Automatic;
				CURRENT_PROJECT_VERSION = 1;
				DEVELOPMENT_TEAM = 3A5922G8N4;
				GENERATE_INFOPLIST_FILE = YES;
				MARKETING_VERSION = 1.0;
				PRODUCT_BUNDLE_IDENTIFIER = com.articlexv.FOIAPhoneUITests;
				PRODUCT_NAME = "$(TARGET_NAME)";
				SWIFT_EMIT_LOC_STRINGS = NO;
				SWIFT_VERSION = 5.0;
				TARGETED_DEVICE_FAMILY = "1,2";
				TEST_TARGET_NAME = FOIAPhone;
			};
			name = Debug;
		};
		8CD569552E7B3B1E00E17A7B /* Release */ = {
			isa = XCBuildConfiguration;
			buildSettings = {
				CODE_SIGN_STYLE = Automatic;
				CURRENT_PROJECT_VERSION = 1;
				DEVELOPMENT_TEAM = 3A5922G8N4;
				GENERATE_INFOPLIST_FILE = YES;
				MARKETING_VERSION = 1.0;
				PRODUCT_BUNDLE_IDENTIFIER = com.articlexv.FOIAPhoneUITests;
				PRODUCT_NAME = "$(TARGET_NAME)";
				SWIFT_EMIT_LOC_STRINGS = NO;
				SWIFT_VERSION = 5.0;
				TARGETED_DEVICE_FAMILY = "1,2";
				TEST_TARGET_NAME = FOIAPhone;
			};
			name = Release;
		};
/* End XCBuildConfiguration section */

/* Begin XCConfigurationList section */
		8CD569272E7B3B1B00E17A7B /* Build configuration list for PBXProject "FOIAPhone" */ = {
			isa = XCConfigurationList;
			buildConfigurations = (
				8CD5694B2E7B3B1E00E17A7B /* Debug */,
				8CD5694C2E7B3B1E00E17A7B /* Release */,
			);
			defaultConfigurationIsVisible = 0;
			defaultConfigurationName = Release;
		};
		8CD5694D2E7B3B1E00E17A7B /* Build configuration list for PBXNativeTarget "FOIAPhone" */ = {
			isa = XCConfigurationList;
			buildConfigurations = (
				8CD5694E2E7B3B1E00E17A7B /* Debug */,
				8CD5694F2E7B3B1E00E17A7B /* Release */,
			);
			defaultConfigurationIsVisible = 0;
			defaultConfigurationName = Release;
		};
		8CD569502E7B3B1E00E17A7B /* Build configuration list for PBXNativeTarget "FOIAPhoneTests" */ = {
			isa = XCConfigurationList;
			buildConfigurations = (
				8CD569512E7B3B1E00E17A7B /* Debug */,
				8CD569522E7B3B1E00E17A7B /* Release */,
			);
			defaultConfigurationIsVisible = 0;
			defaultConfigurationName = Release;
		};
		8CD569532E7B3B1E00E17A7B /* Build configuration list for PBXNativeTarget "FOIAPhoneUITests" */ = {
			isa = XCConfigurationList;
			buildConfigurations = (
				8CD569542E7B3B1E00E17A7B /* Debug */,
				8CD569552E7B3B1E00E17A7B /* Release */,
			);
			defaultConfigurationIsVisible = 0;
			defaultConfigurationName = Release;
		};
/* End XCConfigurationList section */

/* Begin XCRemoteSwiftPackageReference section */
		8C5843FF2E87370D008ED000 /* XCRemoteSwiftPackageReference "Fakery" */ = {
			isa = XCRemoteSwiftPackageReference;
			repositoryURL = "https://github.com/vadymmarkov/Fakery.git";
			requirement = {
				kind = upToNextMajorVersion;
				minimumVersion = 5.1.0;
			};
		};
		8CAAE4442E8AFE5100701643 /* XCRemoteSwiftPackageReference "ViewInspector" */ = {
			isa = XCRemoteSwiftPackageReference;
			repositoryURL = "https://github.com/nalexn/ViewInspector";
			requirement = {
				kind = upToNextMajorVersion;
				minimumVersion = 0.10.3;
			};
		};
/* End XCRemoteSwiftPackageReference section */

/* Begin XCSwiftPackageProductDependency section */
		8C210E3D2E8B20B3005D056B /* Fakery */ = {
			isa = XCSwiftPackageProductDependency;
			package = 8C5843FF2E87370D008ED000 /* XCRemoteSwiftPackageReference "Fakery" */;
			productName = Fakery;
		};
		8C5844002E889787008ED000 /* Fakery */ = {
			isa = XCSwiftPackageProductDependency;
			package = 8C5843FF2E87370D008ED000 /* XCRemoteSwiftPackageReference "Fakery" */;
			productName = Fakery;
		};
		8CAAE4452E8AFE5100701643 /* ViewInspector */ = {
			isa = XCSwiftPackageProductDependency;
			package = 8CAAE4442E8AFE5100701643 /* XCRemoteSwiftPackageReference "ViewInspector" */;
			productName = ViewInspector;
		};
/* End XCSwiftPackageProductDependency section */
	};
	rootObject = 8CD569242E7B3B1B00E17A7B /* Project object */;
}
